
Microsoft Visual Studio Solution File, Format Version 12.00
# Visual Studio 15
VisualStudioVersion = 15.0.26228.4
MinimumVisualStudioVersion = 10.0.40219.1
Project("{FAE04EC0-301F-11D3-BF4B-00C04F79EFBC}") = "mTransport", "mTransport\mTransport.csproj", "{14870B54-F25B-42A7-ABAC-5459A5BB95BE}"
EndProject
Global
	GlobalSection(SolutionConfigurationPlatforms) = preSolution
		Debug|Any CPU = Debug|Any CPU
		Release|Any CPU = Release|Any CPU
	EndGlobalSection
	GlobalSection(ProjectConfigurationPlatforms) = postSolution
		{14870B54-F25B-42A7-ABAC-5459A5BB95BE}.Debug|Any CPU.ActiveCfg = Debug|Any CPU
		{14870B54-F25B-42A7-ABAC-5459A5BB95BE}.Debug|Any CPU.Build.0 = Debug|Any CPU
		{14870B54-F25B-42A7-ABAC-5459A5BB95BE}.Release|Any CPU.ActiveCfg = Release|Any CPU
		{14870B54-F25B-42A7-ABAC-5459A5BB95BE}.Release|Any CPU.Build.0 = Release|Any CPU
	EndGlobalSection
	GlobalSection(SolutionProperties) = preSolution
		HideSolutionNode = FALSE
	EndGlobalSection
	GlobalSection(ExtensibilityGlobals) = postSolution
		SolutionGuid = {999E6AC7-20DD-41B1-9829-65A7B225C236}
	EndGlobalSection
EndGlobal
